PODS:
  - AccountKit (4.35.0)
  - AFNetworking (3.2.1):
    - AFNetworking/NSURLSession (= 3.2.1)
    - AFNetworking/Reachability (= 3.2.1)
    - AFNetworking/Security (= 3.2.1)
    - AFNetworking/Serialization (= 3.2.1)
    - AFNetworking/UIKit (= 3.2.1)
  - AFNetworking/NSURLSession (3.2.1):
    - AFNetworking/Reachability
    - AFNetworking/Security
    - AFNetworking/Serialization
  - AFNetworking/Reachability (3.2.1)
  - AFNetworking/Security (3.2.1)
  - AFNetworking/Serialization (3.2.1)
  - AFNetworking/UIKit (3.2.1):
    - AFNetworking/NSURLSession
  - AHTimer (0.0.3)
  - GPUImage (0.1.7)
  - GPUImageBeautifyFilter (1.0.0):
    - GPUImage
  - Realm (3.16.2):
    - Realm/Headers (= 3.16.2)
  - Realm/Headers (3.16.2)
  - SDWebImage (5.0.6):
    - SDWebImage/Core (= 5.0.6)
  - SDWebImage/Core (5.0.6)
  - SocketRocket (0.5.1)
  - SVProgressHUD (2.2.5)

DEPENDENCIES:
  - AccountKit
  - AFNetworking (~> 3.0)
  - AHTimer (~> 0.0.3)
  - GPUImage
  - GPUImageBeautifyFilter
  - Realm
  - SDWebImage (~> 5.0)
  - SocketRocket
  - SVProgressHUD

SPEC REPOS:
  https://github.com/arceushs/AHPodSpecs:
    - AHTimer
  https://github.com/cocoapods/specs.git:
    - AccountKit
    - AFNetworking
    - GPUImage
    - GPUImageBeautifyFilter
    - Realm
    - SDWebImage
    - SocketRocket
    - SVProgressHUD

SPEC CHECKSUMS:
  AccountKit: 870ccaf5d33facda9408783e28fbe68c5211e069
  AFNetworking: b6f891fdfaed196b46c7a83cf209e09697b94057
  AHTimer: df455262e80cc80ab266b46b082e5ff88f3c60ad
  GPUImage: 733a5f0fab92df9de1c37ba9df520a833ccb406d
  GPUImageBeautifyFilter: 6eb451b50c395109172ae1f9e69c4241d0126c09
  Realm: 0e73b4edeb5b6a90da3d83206883b2e34e00eb38
  SDWebImage: 920f1a2ff1ca8296ad34f6e0510a1ef1d70ac965
  SocketRocket: d57c7159b83c3c6655745cd15302aa24b6bae531
  SVProgressHUD: 1428aafac632c1f86f62aa4243ec12008d7a51d6

PODFILE CHECKSUM: cc8019459d23aba134043357b7fc929e265658ae

COCOAPODS: 1.6.2
