// !$*UTF8*$!
{
	archiveVersion = 1;
	classes = {
	};
	objectVersion = 50;
	objects = {

/* Begin PBXBuildFile section */
		1E08858FE667C855C03E11AF /* libPods-realMatch-OC.a in Frameworks */ = {isa = PBXBuildFile; fileRef = 0CA35FB420100F154F36C52B /* libPods-realMatch-OC.a */; };
		D607117722A6715400412F72 /* UIView+RealMatch.m in Sources */ = {isa = PBXBuildFile; fileRef = D607117622A6715400412F72 /* UIView+RealMatch.m */; };
		D652275F22BB806B00C273E1 /* RMPlayer.swift in Sources */ = {isa = PBXBuildFile; fileRef = D652275E22BB806B00C273E1 /* RMPlayer.swift */; };
		D652276322BB8AEE00C273E1 /* RMVideoPlayViewController.m in Sources */ = {isa = PBXBuildFile; fileRef = D652276122BB8AEE00C273E1 /* RMVideoPlayViewController.m */; };
		D652276422BB8AEE00C273E1 /* RMVideoPlayViewController.xib in Resources */ = {isa = PBXBuildFile; fileRef = D652276222BB8AEE00C273E1 /* RMVideoPlayViewController.xib */; };
		D659140322B76D6C0098F458 /* RMFetchDetailAPI.m in Sources */ = {isa = PBXBuildFile; fileRef = D659140222B76D6C0098F458 /* RMFetchDetailAPI.m */; };
		D659140622B781620098F458 /* RMNetworkResponse.m in Sources */ = {isa = PBXBuildFile; fileRef = D659140522B781620098F458 /* RMNetworkResponse.m */; };
		D659140922B793E50098F458 /* RMFetchDetailModel.m in Sources */ = {isa = PBXBuildFile; fileRef = D659140822B793E50098F458 /* RMFetchDetailModel.m */; };
		D659140C22B794810098F458 /* RMBaseModel.m in Sources */ = {isa = PBXBuildFile; fileRef = D659140B22B794810098F458 /* RMBaseModel.m */; };
		D661306622956697008DA4D8 /* Podfile in Resources */ = {isa = PBXBuildFile; fileRef = D661306522956697008DA4D8 /* Podfile */; };
		D665EC5D22A79D36003FB7B8 /* UIDevice+RealMatch.m in Sources */ = {isa = PBXBuildFile; fileRef = D665EC5C22A79D36003FB7B8 /* UIDevice+RealMatch.m */; };
		D665EC6022A7EF92003FB7B8 /* GPUImageBeautifyFilter.m in Sources */ = {isa = PBXBuildFile; fileRef = D665EC5F22A7EF92003FB7B8 /* GPUImageBeautifyFilter.m */; };
		D665EC6322A8BD7C003FB7B8 /* UIColor+RealMatch.m in Sources */ = {isa = PBXBuildFile; fileRef = D665EC6222A8BD7C003FB7B8 /* UIColor+RealMatch.m */; };
		D6696FDC22B9EBF400942DFB /* RMHomePageDetailTableViewCell.m in Sources */ = {isa = PBXBuildFile; fileRef = D6696FDA22B9EBF400942DFB /* RMHomePageDetailTableViewCell.m */; };
		D6696FDD22B9EBF400942DFB /* RMHomePageDetailTableViewCell.xib in Resources */ = {isa = PBXBuildFile; fileRef = D6696FDB22B9EBF400942DFB /* RMHomePageDetailTableViewCell.xib */; };
		D6696FE022B9EF8A00942DFB /* RMHomePageDetailHeaderView.m in Sources */ = {isa = PBXBuildFile; fileRef = D6696FDF22B9EF8A00942DFB /* RMHomePageDetailHeaderView.m */; };
		D6696FE222B9F10600942DFB /* RMHomePageDetailHeaderView.xib in Resources */ = {isa = PBXBuildFile; fileRef = D6696FE122B9F10600942DFB /* RMHomePageDetailHeaderView.xib */; };
		D6696FE622BA0F6E00942DFB /* RMTableViewModel.m in Sources */ = {isa = PBXBuildFile; fileRef = D6696FE522BA0F6E00942DFB /* RMTableViewModel.m */; };
		D6697147229BB0D3008E3968 /* StoreKit.framework in Frameworks */ = {isa = PBXBuildFile; fileRef = D6697146229BB0D3008E3968 /* StoreKit.framework */; };
		D669714B229BBFF3008E3968 /* PurchaseManager.m in Sources */ = {isa = PBXBuildFile; fileRef = D669714A229BBFF3008E3968 /* PurchaseManager.m */; };
		D67665D422A50FD8009C9C6A /* RMCaptureViewController.m in Sources */ = {isa = PBXBuildFile; fileRef = D67665D322A50FD8009C9C6A /* RMCaptureViewController.m */; };
		D687DA582294EDCE00A11488 /* AppDelegate.m in Sources */ = {isa = PBXBuildFile; fileRef = D687DA572294EDCE00A11488 /* AppDelegate.m */; };
		D687DA5B2294EDCE00A11488 /* ViewController.m in Sources */ = {isa = PBXBuildFile; fileRef = D687DA5A2294EDCE00A11488 /* ViewController.m */; };
		D687DA5E2294EDCE00A11488 /* Main.storyboard in Resources */ = {isa = PBXBuildFile; fileRef = D687DA5C2294EDCE00A11488 /* Main.storyboard */; };
		D687DA602294EDD200A11488 /* Assets.xcassets in Resources */ = {isa = PBXBuildFile; fileRef = D687DA5F2294EDD200A11488 /* Assets.xcassets */; };
		D687DA632294EDD200A11488 /* LaunchScreen.storyboard in Resources */ = {isa = PBXBuildFile; fileRef = D687DA612294EDD200A11488 /* LaunchScreen.storyboard */; };
		D687DA662294EDD200A11488 /* main.m in Sources */ = {isa = PBXBuildFile; fileRef = D687DA652294EDD200A11488 /* main.m */; };
		D687DA702294EDD200A11488 /* realMatch_OCTests.m in Sources */ = {isa = PBXBuildFile; fileRef = D687DA6F2294EDD200A11488 /* realMatch_OCTests.m */; };
		D687DA7B2294EDD200A11488 /* realMatch_OCUITests.m in Sources */ = {isa = PBXBuildFile; fileRef = D687DA7A2294EDD200A11488 /* realMatch_OCUITests.m */; };
		D6BF467522969DEB00C82D98 /* LoginAndRegisterViewController.m in Sources */ = {isa = PBXBuildFile; fileRef = D6BF467322969DEB00C82D98 /* LoginAndRegisterViewController.m */; };
		D6BF467622969DEB00C82D98 /* LoginAndRegisterViewController.xib in Resources */ = {isa = PBXBuildFile; fileRef = D6BF467422969DEB00C82D98 /* LoginAndRegisterViewController.xib */; };
		D6BF467B2296A6DE00C82D98 /* Router.m in Sources */ = {isa = PBXBuildFile; fileRef = D6BF467A2296A6DE00C82D98 /* Router.m */; };
		D6BF467F2296CDE500C82D98 /* Router+AccountKit.m in Sources */ = {isa = PBXBuildFile; fileRef = D6BF467E2296CDE500C82D98 /* Router+AccountKit.m */; };
		D6BF5CDD22A8F5B80036EA75 /* RMFileManager.m in Sources */ = {isa = PBXBuildFile; fileRef = D6BF5CDC22A8F5B80036EA75 /* RMFileManager.m */; };
		D6BF5CE122A910220036EA75 /* RMHomePageViewController.m in Sources */ = {isa = PBXBuildFile; fileRef = D6BF5CDF22A910220036EA75 /* RMHomePageViewController.m */; };
		D6BF5CE222A910220036EA75 /* RMHomePageViewController.xib in Resources */ = {isa = PBXBuildFile; fileRef = D6BF5CE022A910220036EA75 /* RMHomePageViewController.xib */; };
		D6BF5CE422ADF6600036EA75 /* aiqinggongyu.mp4 in Resources */ = {isa = PBXBuildFile; fileRef = D6BF5CE322A943630036EA75 /* aiqinggongyu.mp4 */; };
		D6CC153E22B387D500D80A02 /* RMHomePageDetailViewController.m in Sources */ = {isa = PBXBuildFile; fileRef = D6CC153C22B387D500D80A02 /* RMHomePageDetailViewController.m */; };
		D6CC153F22B387D500D80A02 /* RMHomePageDetailViewController.xib in Resources */ = {isa = PBXBuildFile; fileRef = D6CC153D22B387D500D80A02 /* RMHomePageDetailViewController.xib */; };
		D6CC154322B39BA000D80A02 /* RMNetworkManager.m in Sources */ = {isa = PBXBuildFile; fileRef = D6CC154222B39BA000D80A02 /* RMNetworkManager.m */; };
		D6E0771322AE31B900CC44BA /* RMHomeCardView.m in Sources */ = {isa = PBXBuildFile; fileRef = D6E0771222AE31B900CC44BA /* RMHomeCardView.m */; };
		D6E0771522AE31CC00CC44BA /* RMHomeCardView.xib in Resources */ = {isa = PBXBuildFile; fileRef = D6E0771422AE31CC00CC44BA /* RMHomeCardView.xib */; };
		D6E0771822AF932400CC44BA /* test1.png in Resources */ = {isa = PBXBuildFile; fileRef = D6E0771722AF932300CC44BA /* test1.png */; };
		D6E0771A22AF9F0F00CC44BA /* aiqinggongyu2.mp4 in Resources */ = {isa = PBXBuildFile; fileRef = D6E0771922AF9EF600CC44BA /* aiqinggongyu2.mp4 */; };
/* End PBXBuildFile section */

/* Begin PBXContainerItemProxy section */
		D687DA6C2294EDD200A11488 /* PBXContainerItemProxy */ = {
			isa = PBXContainerItemProxy;
			containerPortal = D687DA4B2294EDCE00A11488 /* Project object */;
			proxyType = 1;
			remoteGlobalIDString = D687DA522294EDCE00A11488;
			remoteInfo = "realMatch-OC";
		};
		D687DA772294EDD200A11488 /* PBXContainerItemProxy */ = {
			isa = PBXContainerItemProxy;
			containerPortal = D687DA4B2294EDCE00A11488 /* Project object */;
			proxyType = 1;
			remoteGlobalIDString = D687DA522294EDCE00A11488;
			remoteInfo = "realMatch-OC";
		};
/* End PBXContainerItemProxy section */

/* Begin PBXCopyFilesBuildPhase section */
		D669717F229BEA78008E3968 /* Embed Frameworks */ = {
			isa = PBXCopyFilesBuildPhase;
			buildActionMask = 2147483647;
			dstPath = "";
			dstSubfolderSpec = 10;
			files = (
			);
			name = "Embed Frameworks";
			runOnlyForDeploymentPostprocessing = 0;
		};
/* End PBXCopyFilesBuildPhase section */

/* Begin PBXFileReference section */
		0CA35FB420100F154F36C52B /* libPods-realMatch-OC.a */ = {isa = PBXFileReference; explicitFileType = archive.ar; includeInIndex = 0; path = "libPods-realMatch-OC.a"; sourceTree = BUILT_PRODUCTS_DIR; };
		91FA9F1266B2D253DA24B413 /* Pods-realMatch-OC.release.xcconfig */ = {isa = PBXFileReference; includeInIndex = 1; lastKnownFileType = text.xcconfig; name = "Pods-realMatch-OC.release.xcconfig"; path = "Target Support Files/Pods-realMatch-OC/Pods-realMatch-OC.release.xcconfig"; sourceTree = "<group>"; };
		D0116FF275BEF202714594EA /* Pods-realMatch-OC.debug.xcconfig */ = {isa = PBXFileReference; includeInIndex = 1; lastKnownFileType = text.xcconfig; name = "Pods-realMatch-OC.debug.xcconfig"; path = "Target Support Files/Pods-realMatch-OC/Pods-realMatch-OC.debug.xcconfig"; sourceTree = "<group>"; };
		D607117522A6715400412F72 /* UIView+RealMatch.h */ = {isa = PBXFileReference; lastKnownFileType = sourcecode.c.h; path = "UIView+RealMatch.h"; sourceTree = "<group>"; };
		D607117622A6715400412F72 /* UIView+RealMatch.m */ = {isa = PBXFileReference; lastKnownFileType = sourcecode.c.objc; path = "UIView+RealMatch.m"; sourceTree = "<group>"; };
		D64BA375229B99BE00373BFB /* realMatch-OC.entitlements */ = {isa = PBXFileReference; lastKnownFileType = text.plist.entitlements; path = "realMatch-OC.entitlements"; sourceTree = "<group>"; };
		D652275E22BB806B00C273E1 /* RMPlayer.swift */ = {isa = PBXFileReference; lastKnownFileType = sourcecode.swift; path = RMPlayer.swift; sourceTree = "<group>"; };
		D652276022BB8AEE00C273E1 /* RMVideoPlayViewController.h */ = {isa = PBXFileReference; lastKnownFileType = sourcecode.c.h; path = RMVideoPlayViewController.h; sourceTree = "<group>"; };
		D652276122BB8AEE00C273E1 /* RMVideoPlayViewController.m */ = {isa = PBXFileReference; lastKnownFileType = sourcecode.c.objc; path = RMVideoPlayViewController.m; sourceTree = "<group>"; };
		D652276222BB8AEE00C273E1 /* RMVideoPlayViewController.xib */ = {isa = PBXFileReference; lastKnownFileType = file.xib; path = RMVideoPlayViewController.xib; sourceTree = "<group>"; };
		D659140122B76D6C0098F458 /* RMFetchDetailAPI.h */ = {isa = PBXFileReference; lastKnownFileType = sourcecode.c.h; path = RMFetchDetailAPI.h; sourceTree = "<group>"; };
		D659140222B76D6C0098F458 /* RMFetchDetailAPI.m */ = {isa = PBXFileReference; lastKnownFileType = sourcecode.c.objc; path = RMFetchDetailAPI.m; sourceTree = "<group>"; };
		D659140422B781610098F458 /* RMNetworkResponse.h */ = {isa = PBXFileReference; lastKnownFileType = sourcecode.c.h; path = RMNetworkResponse.h; sourceTree = "<group>"; };
		D659140522B781620098F458 /* RMNetworkResponse.m */ = {isa = PBXFileReference; lastKnownFileType = sourcecode.c.objc; path = RMNetworkResponse.m; sourceTree = "<group>"; };
		D659140722B793E50098F458 /* RMFetchDetailModel.h */ = {isa = PBXFileReference; lastKnownFileType = sourcecode.c.h; path = RMFetchDetailModel.h; sourceTree = "<group>"; };
		D659140822B793E50098F458 /* RMFetchDetailModel.m */ = {isa = PBXFileReference; lastKnownFileType = sourcecode.c.objc; path = RMFetchDetailModel.m; sourceTree = "<group>"; };
		D659140A22B794810098F458 /* RMBaseModel.h */ = {isa = PBXFileReference; lastKnownFileType = sourcecode.c.h; path = RMBaseModel.h; sourceTree = "<group>"; };
		D659140B22B794810098F458 /* RMBaseModel.m */ = {isa = PBXFileReference; lastKnownFileType = sourcecode.c.objc; path = RMBaseModel.m; sourceTree = "<group>"; };
		D661306522956697008DA4D8 /* Podfile */ = {isa = PBXFileReference; fileEncoding = 4; lastKnownFileType = text; path = Podfile; sourceTree = "<group>"; xcLanguageSpecificationIdentifier = xcode.lang.ruby; };
		D665EC5B22A79D36003FB7B8 /* UIDevice+RealMatch.h */ = {isa = PBXFileReference; lastKnownFileType = sourcecode.c.h; path = "UIDevice+RealMatch.h"; sourceTree = "<group>"; };
		D665EC5C22A79D36003FB7B8 /* UIDevice+RealMatch.m */ = {isa = PBXFileReference; lastKnownFileType = sourcecode.c.objc; path = "UIDevice+RealMatch.m"; sourceTree = "<group>"; };
		D665EC5E22A7EF92003FB7B8 /* GPUImageBeautifyFilter.h */ = {isa = PBXFileReference; lastKnownFileType = sourcecode.c.h; path = GPUImageBeautifyFilter.h; sourceTree = "<group>"; };
		D665EC5F22A7EF92003FB7B8 /* GPUImageBeautifyFilter.m */ = {isa = PBXFileReference; lastKnownFileType = sourcecode.c.objc; path = GPUImageBeautifyFilter.m; sourceTree = "<group>"; };
		D665EC6122A8BD7C003FB7B8 /* UIColor+RealMatch.h */ = {isa = PBXFileReference; lastKnownFileType = sourcecode.c.h; path = "UIColor+RealMatch.h"; sourceTree = "<group>"; };
		D665EC6222A8BD7C003FB7B8 /* UIColor+RealMatch.m */ = {isa = PBXFileReference; lastKnownFileType = sourcecode.c.objc; path = "UIColor+RealMatch.m"; sourceTree = "<group>"; };
		D6696FD922B9EBF400942DFB /* RMHomePageDetailTableViewCell.h */ = {isa = PBXFileReference; lastKnownFileType = sourcecode.c.h; path = RMHomePageDetailTableViewCell.h; sourceTree = "<group>"; };
		D6696FDA22B9EBF400942DFB /* RMHomePageDetailTableViewCell.m */ = {isa = PBXFileReference; lastKnownFileType = sourcecode.c.objc; path = RMHomePageDetailTableViewCell.m; sourceTree = "<group>"; };
		D6696FDB22B9EBF400942DFB /* RMHomePageDetailTableViewCell.xib */ = {isa = PBXFileReference; lastKnownFileType = file.xib; path = RMHomePageDetailTableViewCell.xib; sourceTree = "<group>"; };
		D6696FDE22B9EF8A00942DFB /* RMHomePageDetailHeaderView.h */ = {isa = PBXFileReference; lastKnownFileType = sourcecode.c.h; path = RMHomePageDetailHeaderView.h; sourceTree = "<group>"; };
		D6696FDF22B9EF8A00942DFB /* RMHomePageDetailHeaderView.m */ = {isa = PBXFileReference; lastKnownFileType = sourcecode.c.objc; path = RMHomePageDetailHeaderView.m; sourceTree = "<group>"; };
		D6696FE122B9F10600942DFB /* RMHomePageDetailHeaderView.xib */ = {isa = PBXFileReference; lastKnownFileType = file.xib; path = RMHomePageDetailHeaderView.xib; sourceTree = "<group>"; };
		D6696FE422BA0F6E00942DFB /* RMTableViewModel.h */ = {isa = PBXFileReference; lastKnownFileType = sourcecode.c.h; path = RMTableViewModel.h; sourceTree = "<group>"; };
		D6696FE522BA0F6E00942DFB /* RMTableViewModel.m */ = {isa = PBXFileReference; lastKnownFileType = sourcecode.c.objc; path = RMTableViewModel.m; sourceTree = "<group>"; };
		D6697146229BB0D3008E3968 /* StoreKit.framework */ = {isa = PBXFileReference; lastKnownFileType = wrapper.framework; name = StoreKit.framework; path = System/Library/Frameworks/StoreKit.framework; sourceTree = SDKROOT; };
		D6697149229BBFF3008E3968 /* PurchaseManager.h */ = {isa = PBXFileReference; lastKnownFileType = sourcecode.c.h; path = PurchaseManager.h; sourceTree = "<group>"; };
		D669714A229BBFF3008E3968 /* PurchaseManager.m */ = {isa = PBXFileReference; lastKnownFileType = sourcecode.c.objc; path = PurchaseManager.m; sourceTree = "<group>"; };
		D6697177229BE0D5008E3968 /* realMatch-OC-Bridging-Header.h */ = {isa = PBXFileReference; lastKnownFileType = sourcecode.c.h; path = "realMatch-OC-Bridging-Header.h"; sourceTree = "<group>"; };
		D67665D222A50FD8009C9C6A /* RMCaptureViewController.h */ = {isa = PBXFileReference; lastKnownFileType = sourcecode.c.h; path = RMCaptureViewController.h; sourceTree = "<group>"; };
		D67665D322A50FD8009C9C6A /* RMCaptureViewController.m */ = {isa = PBXFileReference; lastKnownFileType = sourcecode.c.objc; path = RMCaptureViewController.m; sourceTree = "<group>"; };
		D687DA532294EDCE00A11488 /* realMatch-OC.app */ = {isa = PBXFileReference; explicitFileType = wrapper.application; includeInIndex = 0; path = "realMatch-OC.app"; sourceTree = BUILT_PRODUCTS_DIR; };
		D687DA562294EDCE00A11488 /* AppDelegate.h */ = {isa = PBXFileReference; lastKnownFileType = sourcecode.c.h; path = AppDelegate.h; sourceTree = "<group>"; };
		D687DA572294EDCE00A11488 /* AppDelegate.m */ = {isa = PBXFileReference; lastKnownFileType = sourcecode.c.objc; path = AppDelegate.m; sourceTree = "<group>"; };
		D687DA592294EDCE00A11488 /* ViewController.h */ = {isa = PBXFileReference; lastKnownFileType = sourcecode.c.h; path = ViewController.h; sourceTree = "<group>"; };
		D687DA5A2294EDCE00A11488 /* ViewController.m */ = {isa = PBXFileReference; lastKnownFileType = sourcecode.c.objc; path = ViewController.m; sourceTree = "<group>"; };
		D687DA5D2294EDCE00A11488 /* Base */ = {isa = PBXFileReference; lastKnownFileType = file.storyboard; name = Base; path = Base.lproj/Main.storyboard; sourceTree = "<group>"; };
		D687DA5F2294EDD200A11488 /* Assets.xcassets */ = {isa = PBXFileReference; lastKnownFileType = folder.assetcatalog; path = Assets.xcassets; sourceTree = "<group>"; };
		D687DA622294EDD200A11488 /* Base */ = {isa = PBXFileReference; lastKnownFileType = file.storyboard; name = Base; path = Base.lproj/LaunchScreen.storyboard; sourceTree = "<group>"; };
		D687DA642294EDD200A11488 /* Info.plist */ = {isa = PBXFileReference; lastKnownFileType = text.plist.xml; path = Info.plist; sourceTree = "<group>"; };
		D687DA652294EDD200A11488 /* main.m */ = {isa = PBXFileReference; lastKnownFileType = sourcecode.c.objc; path = main.m; sourceTree = "<group>"; };
		D687DA6B2294EDD200A11488 /* realMatch-OCTests.xctest */ = {isa = PBXFileReference; explicitFileType = wrapper.cfbundle; includeInIndex = 0; path = "realMatch-OCTests.xctest"; sourceTree = BUILT_PRODUCTS_DIR; };
		D687DA6F2294EDD200A11488 /* realMatch_OCTests.m */ = {isa = PBXFileReference; lastKnownFileType = sourcecode.c.objc; path = realMatch_OCTests.m; sourceTree = "<group>"; };
		D687DA712294EDD200A11488 /* Info.plist */ = {isa = PBXFileReference; lastKnownFileType = text.plist.xml; path = Info.plist; sourceTree = "<group>"; };
		D687DA762294EDD200A11488 /* realMatch-OCUITests.xctest */ = {isa = PBXFileReference; explicitFileType = wrapper.cfbundle; includeInIndex = 0; path = "realMatch-OCUITests.xctest"; sourceTree = BUILT_PRODUCTS_DIR; };
		D687DA7A2294EDD200A11488 /* realMatch_OCUITests.m */ = {isa = PBXFileReference; lastKnownFileType = sourcecode.c.objc; path = realMatch_OCUITests.m; sourceTree = "<group>"; };
		D687DA7C2294EDD200A11488 /* Info.plist */ = {isa = PBXFileReference; lastKnownFileType = text.plist.xml; path = Info.plist; sourceTree = "<group>"; };
		D6BF467222969DEB00C82D98 /* LoginAndRegisterViewController.h */ = {isa = PBXFileReference; lastKnownFileType = sourcecode.c.h; path = LoginAndRegisterViewController.h; sourceTree = "<group>"; };
		D6BF467322969DEB00C82D98 /* LoginAndRegisterViewController.m */ = {isa = PBXFileReference; lastKnownFileType = sourcecode.c.objc; path = LoginAndRegisterViewController.m; sourceTree = "<group>"; };
		D6BF467422969DEB00C82D98 /* LoginAndRegisterViewController.xib */ = {isa = PBXFileReference; lastKnownFileType = file.xib; path = LoginAndRegisterViewController.xib; sourceTree = "<group>"; };
		D6BF46792296A6DE00C82D98 /* Router.h */ = {isa = PBXFileReference; lastKnownFileType = sourcecode.c.h; path = Router.h; sourceTree = "<group>"; };
		D6BF467A2296A6DE00C82D98 /* Router.m */ = {isa = PBXFileReference; lastKnownFileType = sourcecode.c.objc; path = Router.m; sourceTree = "<group>"; };
		D6BF467D2296CDE500C82D98 /* Router+AccountKit.h */ = {isa = PBXFileReference; lastKnownFileType = sourcecode.c.h; path = "Router+AccountKit.h"; sourceTree = "<group>"; };
		D6BF467E2296CDE500C82D98 /* Router+AccountKit.m */ = {isa = PBXFileReference; lastKnownFileType = sourcecode.c.objc; path = "Router+AccountKit.m"; sourceTree = "<group>"; };
		D6BF5CDB22A8F5B80036EA75 /* RMFileManager.h */ = {isa = PBXFileReference; lastKnownFileType = sourcecode.c.h; path = RMFileManager.h; sourceTree = "<group>"; };
		D6BF5CDC22A8F5B80036EA75 /* RMFileManager.m */ = {isa = PBXFileReference; lastKnownFileType = sourcecode.c.objc; path = RMFileManager.m; sourceTree = "<group>"; };
		D6BF5CDE22A910220036EA75 /* RMHomePageViewController.h */ = {isa = PBXFileReference; lastKnownFileType = sourcecode.c.h; path = RMHomePageViewController.h; sourceTree = "<group>"; };
		D6BF5CDF22A910220036EA75 /* RMHomePageViewController.m */ = {isa = PBXFileReference; lastKnownFileType = sourcecode.c.objc; path = RMHomePageViewController.m; sourceTree = "<group>"; };
		D6BF5CE022A910220036EA75 /* RMHomePageViewController.xib */ = {isa = PBXFileReference; lastKnownFileType = file.xib; path = RMHomePageViewController.xib; sourceTree = "<group>"; };
		D6BF5CE322A943630036EA75 /* aiqinggongyu.mp4 */ = {isa = PBXFileReference; lastKnownFileType = file; path = aiqinggongyu.mp4; sourceTree = "<group>"; };
		D6CC153B22B387D500D80A02 /* RMHomePageDetailViewController.h */ = {isa = PBXFileReference; lastKnownFileType = sourcecode.c.h; path = RMHomePageDetailViewController.h; sourceTree = "<group>"; };
		D6CC153C22B387D500D80A02 /* RMHomePageDetailViewController.m */ = {isa = PBXFileReference; lastKnownFileType = sourcecode.c.objc; path = RMHomePageDetailViewController.m; sourceTree = "<group>"; };
		D6CC153D22B387D500D80A02 /* RMHomePageDetailViewController.xib */ = {isa = PBXFileReference; lastKnownFileType = file.xib; path = RMHomePageDetailViewController.xib; sourceTree = "<group>"; };
		D6CC154122B39BA000D80A02 /* RMNetworkManager.h */ = {isa = PBXFileReference; lastKnownFileType = sourcecode.c.h; path = RMNetworkManager.h; sourceTree = "<group>"; };
		D6CC154222B39BA000D80A02 /* RMNetworkManager.m */ = {isa = PBXFileReference; lastKnownFileType = sourcecode.c.objc; path = RMNetworkManager.m; sourceTree = "<group>"; };
		D6E0771122AE31B900CC44BA /* RMHomeCardView.h */ = {isa = PBXFileReference; lastKnownFileType = sourcecode.c.h; path = RMHomeCardView.h; sourceTree = "<group>"; };
		D6E0771222AE31B900CC44BA /* RMHomeCardView.m */ = {isa = PBXFileReference; lastKnownFileType = sourcecode.c.objc; path = RMHomeCardView.m; sourceTree = "<group>"; };
		D6E0771422AE31CC00CC44BA /* RMHomeCardView.xib */ = {isa = PBXFileReference; lastKnownFileType = file.xib; path = RMHomeCardView.xib; sourceTree = "<group>"; };
		D6E0771722AF932300CC44BA /* test1.png */ = {isa = PBXFileReference; lastKnownFileType = image.png; path = test1.png; sourceTree = "<group>"; };
		D6E0771922AF9EF600CC44BA /* aiqinggongyu2.mp4 */ = {isa = PBXFileReference; lastKnownFileType = file; path = aiqinggongyu2.mp4; sourceTree = "<group>"; };
/* End PBXFileReference section */

/* Begin PBXFrameworksBuildPhase section */
		D687DA502294EDCE00A11488 /* Frameworks */ = {
			isa = PBXFrameworksBuildPhase;
			buildActionMask = 2147483647;
			files = (
				1E08858FE667C855C03E11AF /* libPods-realMatch-OC.a in Frameworks */,
				D6697147229BB0D3008E3968 /* StoreKit.framework in Frameworks */,
			);
			runOnlyForDeploymentPostprocessing = 0;
		};
		D687DA682294EDD200A11488 /* Frameworks */ = {
			isa = PBXFrameworksBuildPhase;
			buildActionMask = 2147483647;
			files = (
			);
			runOnlyForDeploymentPostprocessing = 0;
		};
		D687DA732294EDD200A11488 /* Frameworks */ = {
			isa = PBXFrameworksBuildPhase;
			buildActionMask = 2147483647;
			files = (
			);
			runOnlyForDeploymentPostprocessing = 0;
		};
/* End PBXFrameworksBuildPhase section */

/* Begin PBXGroup section */
		650A6413188F2E6C713DA5A7 /* Frameworks */ = {
			isa = PBXGroup;
			children = (
				D6697146229BB0D3008E3968 /* StoreKit.framework */,
				0CA35FB420100F154F36C52B /* libPods-realMatch-OC.a */,
			);
			name = Frameworks;
			sourceTree = "<group>";
		};
		D607117422A6711F00412F72 /* Utils */ = {
			isa = PBXGroup;
			children = (
				D607117522A6715400412F72 /* UIView+RealMatch.h */,
				D607117622A6715400412F72 /* UIView+RealMatch.m */,
				D665EC5B22A79D36003FB7B8 /* UIDevice+RealMatch.h */,
				D665EC5C22A79D36003FB7B8 /* UIDevice+RealMatch.m */,
				D665EC6122A8BD7C003FB7B8 /* UIColor+RealMatch.h */,
				D665EC6222A8BD7C003FB7B8 /* UIColor+RealMatch.m */,
				D6BF5CDB22A8F5B80036EA75 /* RMFileManager.h */,
				D6BF5CDC22A8F5B80036EA75 /* RMFileManager.m */,
			);
			path = Utils;
			sourceTree = "<group>";
		};
		D652275D22BB803A00C273E1 /* Player */ = {
			isa = PBXGroup;
			children = (
				D652275E22BB806B00C273E1 /* RMPlayer.swift */,
			);
			path = Player;
			sourceTree = "<group>";
		};
		D65E0A2822A508FD00E749BF /* Home */ = {
			isa = PBXGroup;
			children = (
				D6696FD822B9EBC100942DFB /* HomeDetail */,
				D6BF5CDE22A910220036EA75 /* RMHomePageViewController.h */,
				D6BF5CDF22A910220036EA75 /* RMHomePageViewController.m */,
				D6BF5CE022A910220036EA75 /* RMHomePageViewController.xib */,
				D6E0771122AE31B900CC44BA /* RMHomeCardView.h */,
				D6E0771222AE31B900CC44BA /* RMHomeCardView.m */,
				D6E0771422AE31CC00CC44BA /* RMHomeCardView.xib */,
			);
			path = Home;
			sourceTree = "<group>";
		};
		D65E0A2922A50B1800E749BF /* ImagePicker */ = {
			isa = PBXGroup;
			children = (
				D67665D222A50FD8009C9C6A /* RMCaptureViewController.h */,
				D67665D322A50FD8009C9C6A /* RMCaptureViewController.m */,
				D665EC5E22A7EF92003FB7B8 /* GPUImageBeautifyFilter.h */,
				D665EC5F22A7EF92003FB7B8 /* GPUImageBeautifyFilter.m */,
			);
			name = ImagePicker;
			path = LoginAndRegister/ImagePicker;
			sourceTree = "<group>";
		};
		D6696FD822B9EBC100942DFB /* HomeDetail */ = {
			isa = PBXGroup;
			children = (
				D6CC153B22B387D500D80A02 /* RMHomePageDetailViewController.h */,
				D6CC153C22B387D500D80A02 /* RMHomePageDetailViewController.m */,
				D6CC153D22B387D500D80A02 /* RMHomePageDetailViewController.xib */,
				D6696FD922B9EBF400942DFB /* RMHomePageDetailTableViewCell.h */,
				D6696FDA22B9EBF400942DFB /* RMHomePageDetailTableViewCell.m */,
				D6696FDB22B9EBF400942DFB /* RMHomePageDetailTableViewCell.xib */,
				D6696FDE22B9EF8A00942DFB /* RMHomePageDetailHeaderView.h */,
				D6696FDF22B9EF8A00942DFB /* RMHomePageDetailHeaderView.m */,
				D6696FE122B9F10600942DFB /* RMHomePageDetailHeaderView.xib */,
				D659140122B76D6C0098F458 /* RMFetchDetailAPI.h */,
				D659140222B76D6C0098F458 /* RMFetchDetailAPI.m */,
				D659140722B793E50098F458 /* RMFetchDetailModel.h */,
				D659140822B793E50098F458 /* RMFetchDetailModel.m */,
				D652276022BB8AEE00C273E1 /* RMVideoPlayViewController.h */,
				D652276122BB8AEE00C273E1 /* RMVideoPlayViewController.m */,
				D652276222BB8AEE00C273E1 /* RMVideoPlayViewController.xib */,
			);
			path = HomeDetail;
			sourceTree = "<group>";
		};
		D6696FE322BA0EC200942DFB /* RMTable */ = {
			isa = PBXGroup;
			children = (
				D6696FE422BA0F6E00942DFB /* RMTableViewModel.h */,
				D6696FE522BA0F6E00942DFB /* RMTableViewModel.m */,
			);
			path = RMTable;
			sourceTree = "<group>";
		};
		D6697148229BBFCF008E3968 /* InAppPurchase */ = {
			isa = PBXGroup;
			children = (
				D6697149229BBFF3008E3968 /* PurchaseManager.h */,
				D669714A229BBFF3008E3968 /* PurchaseManager.m */,
			);
			path = InAppPurchase;
			sourceTree = "<group>";
		};
		D687DA4A2294EDCE00A11488 = {
			isa = PBXGroup;
			children = (
				D661306522956697008DA4D8 /* Podfile */,
				D687DA552294EDCE00A11488 /* realMatch-OC */,
				D687DA6E2294EDD200A11488 /* realMatch-OCTests */,
				D687DA792294EDD200A11488 /* realMatch-OCUITests */,
				D687DA542294EDCE00A11488 /* Products */,
				E66AEA9D5AEAE528485D16E3 /* Pods */,
				650A6413188F2E6C713DA5A7 /* Frameworks */,
				D6697177229BE0D5008E3968 /* realMatch-OC-Bridging-Header.h */,
			);
			sourceTree = "<group>";
		};
		D687DA542294EDCE00A11488 /* Products */ = {
			isa = PBXGroup;
			children = (
				D687DA532294EDCE00A11488 /* realMatch-OC.app */,
				D687DA6B2294EDD200A11488 /* realMatch-OCTests.xctest */,
				D687DA762294EDD200A11488 /* realMatch-OCUITests.xctest */,
			);
			name = Products;
			sourceTree = "<group>";
		};
		D687DA552294EDCE00A11488 /* realMatch-OC */ = {
			isa = PBXGroup;
			children = (
				D6697148229BBFCF008E3968 /* InAppPurchase */,
				D64BA375229B99BE00373BFB /* realMatch-OC.entitlements */,
				D687DA562294EDCE00A11488 /* AppDelegate.h */,
				D687DA572294EDCE00A11488 /* AppDelegate.m */,
				D687DA592294EDCE00A11488 /* ViewController.h */,
				D687DA5A2294EDCE00A11488 /* ViewController.m */,
				D659140A22B794810098F458 /* RMBaseModel.h */,
				D659140B22B794810098F458 /* RMBaseModel.m */,
				D6BF46782296A6B300C82D98 /* Router */,
				D65E0A2922A50B1800E749BF /* ImagePicker */,
				D6696FE322BA0EC200942DFB /* RMTable */,
				D65E0A2822A508FD00E749BF /* Home */,
				D6BF467122969DB200C82D98 /* LoginAndRegister */,
				D6CC154022B39B5F00D80A02 /* Network */,
				D652275D22BB803A00C273E1 /* Player */,
				D607117422A6711F00412F72 /* Utils */,
				D687DA5C2294EDCE00A11488 /* Main.storyboard */,
				D6E0771722AF932300CC44BA /* test1.png */,
				D687DA5F2294EDD200A11488 /* Assets.xcassets */,
				D6E0771922AF9EF600CC44BA /* aiqinggongyu2.mp4 */,
				D6BF5CE322A943630036EA75 /* aiqinggongyu.mp4 */,
				D687DA612294EDD200A11488 /* LaunchScreen.storyboard */,
				D687DA642294EDD200A11488 /* Info.plist */,
				D687DA652294EDD200A11488 /* main.m */,
			);
			path = "realMatch-OC";
			sourceTree = "<group>";
		};
		D687DA6E2294EDD200A11488 /* realMatch-OCTests */ = {
			isa = PBXGroup;
			children = (
				D687DA6F2294EDD200A11488 /* realMatch_OCTests.m */,
				D687DA712294EDD200A11488 /* Info.plist */,
			);
			path = "realMatch-OCTests";
			sourceTree = "<group>";
		};
		D687DA792294EDD200A11488 /* realMatch-OCUITests */ = {
			isa = PBXGroup;
			children = (
				D687DA7A2294EDD200A11488 /* realMatch_OCUITests.m */,
				D687DA7C2294EDD200A11488 /* Info.plist */,
			);
			path = "realMatch-OCUITests";
			sourceTree = "<group>";
		};
		D6BF467122969DB200C82D98 /* LoginAndRegister */ = {
			isa = PBXGroup;
			children = (
				D6BF467222969DEB00C82D98 /* LoginAndRegisterViewController.h */,
				D6BF467322969DEB00C82D98 /* LoginAndRegisterViewController.m */,
				D6BF467422969DEB00C82D98 /* LoginAndRegisterViewController.xib */,
			);
			path = LoginAndRegister;
			sourceTree = "<group>";
		};
		D6BF46782296A6B300C82D98 /* Router */ = {
			isa = PBXGroup;
			children = (
				D6BF46792296A6DE00C82D98 /* Router.h */,
				D6BF467A2296A6DE00C82D98 /* Router.m */,
				D6BF467D2296CDE500C82D98 /* Router+AccountKit.h */,
				D6BF467E2296CDE500C82D98 /* Router+AccountKit.m */,
			);
			path = Router;
			sourceTree = "<group>";
		};
		D6CC154022B39B5F00D80A02 /* Network */ = {
			isa = PBXGroup;
			children = (
				D6CC154122B39BA000D80A02 /* RMNetworkManager.h */,
				D6CC154222B39BA000D80A02 /* RMNetworkManager.m */,
				D659140422B781610098F458 /* RMNetworkResponse.h */,
				D659140522B781620098F458 /* RMNetworkResponse.m */,
			);
			path = Network;
			sourceTree = "<group>";
		};
		E66AEA9D5AEAE528485D16E3 /* Pods */ = {
			isa = PBXGroup;
			children = (
				D0116FF275BEF202714594EA /* Pods-realMatch-OC.debug.xcconfig */,
				91FA9F1266B2D253DA24B413 /* Pods-realMatch-OC.release.xcconfig */,
			);
			path = Pods;
			sourceTree = "<group>";
		};
/* End PBXGroup section */

/* Begin PBXNativeTarget section */
		D687DA522294EDCE00A11488 /* realMatch-OC */ = {
			isa = PBXNativeTarget;
			buildConfigurationList = D687DA7F2294EDD200A11488 /* Build configuration list for PBXNativeTarget "realMatch-OC" */;
			buildPhases = (
				B4425E94AB89BBC94ADAA312 /* [CP] Check Pods Manifest.lock */,
				D687DA4F2294EDCE00A11488 /* Sources */,
				D687DA502294EDCE00A11488 /* Frameworks */,
				D687DA512294EDCE00A11488 /* Resources */,
				1CA7DF259AEED1356BEFD520 /* [CP] Copy Pods Resources */,
				D669717F229BEA78008E3968 /* Embed Frameworks */,
			);
			buildRules = (
			);
			dependencies = (
			);
			name = "realMatch-OC";
			productName = "realMatch-OC";
			productReference = D687DA532294EDCE00A11488 /* realMatch-OC.app */;
			productType = "com.apple.product-type.application";
		};
		D687DA6A2294EDD200A11488 /* realMatch-OCTests */ = {
			isa = PBXNativeTarget;
			buildConfigurationList = D687DA822294EDD200A11488 /* Build configuration list for PBXNativeTarget "realMatch-OCTests" */;
			buildPhases = (
				D687DA672294EDD200A11488 /* Sources */,
				D687DA682294EDD200A11488 /* Frameworks */,
				D687DA692294EDD200A11488 /* Resources */,
			);
			buildRules = (
			);
			dependencies = (
				D687DA6D2294EDD200A11488 /* PBXTargetDependency */,
			);
			name = "realMatch-OCTests";
			productName = "realMatch-OCTests";
			productReference = D687DA6B2294EDD200A11488 /* realMatch-OCTests.xctest */;
			productType = "com.apple.product-type.bundle.unit-test";
		};
		D687DA752294EDD200A11488 /* realMatch-OCUITests */ = {
			isa = PBXNativeTarget;
			buildConfigurationList = D687DA852294EDD200A11488 /* Build configuration list for PBXNativeTarget "realMatch-OCUITests" */;
			buildPhases = (
				D687DA722294EDD200A11488 /* Sources */,
				D687DA732294EDD200A11488 /* Frameworks */,
				D687DA742294EDD200A11488 /* Resources */,
			);
			buildRules = (
			);
			dependencies = (
				D687DA782294EDD200A11488 /* PBXTargetDependency */,
			);
			name = "realMatch-OCUITests";
			productName = "realMatch-OCUITests";
			productReference = D687DA762294EDD200A11488 /* realMatch-OCUITests.xctest */;
			productType = "com.apple.product-type.bundle.ui-testing";
		};
/* End PBXNativeTarget section */

/* Begin PBXProject section */
		D687DA4B2294EDCE00A11488 /* Project object */ = {
			isa = PBXProject;
			attributes = {
				LastUpgradeCheck = 1020;
				ORGANIZATIONNAME = qingting;
				TargetAttributes = {
					D687DA522294EDCE00A11488 = {
						CreatedOnToolsVersion = 10.2;
						LastSwiftMigration = 1020;
						SystemCapabilities = {
							com.apple.ApplicationGroups.iOS = {
								enabled = 0;
							};
							com.apple.InAppPurchase = {
								enabled = 1;
							};
							com.apple.Push = {
								enabled = 1;
							};
						};
					};
					D687DA6A2294EDD200A11488 = {
						CreatedOnToolsVersion = 10.2;
						TestTargetID = D687DA522294EDCE00A11488;
					};
					D687DA752294EDD200A11488 = {
						CreatedOnToolsVersion = 10.2;
						TestTargetID = D687DA522294EDCE00A11488;
					};
				};
			};
			buildConfigurationList = D687DA4E2294EDCE00A11488 /* Build configuration list for PBXProject "realMatch-OC" */;
			compatibilityVersion = "Xcode 9.3";
			developmentRegion = en;
			hasScannedForEncodings = 0;
			knownRegions = (
				en,
				Base,
			);
			mainGroup = D687DA4A2294EDCE00A11488;
			productRefGroup = D687DA542294EDCE00A11488 /* Products */;
			projectDirPath = "";
			projectRoot = "";
			targets = (
				D687DA522294EDCE00A11488 /* realMatch-OC */,
				D687DA6A2294EDD200A11488 /* realMatch-OCTests */,
				D687DA752294EDD200A11488 /* realMatch-OCUITests */,
			);
		};
/* End PBXProject section */

/* Begin PBXResourcesBuildPhase section */
		D687DA512294EDCE00A11488 /* Resources */ = {
			isa = PBXResourcesBuildPhase;
			buildActionMask = 2147483647;
			files = (
				D6E0771A22AF9F0F00CC44BA /* aiqinggongyu2.mp4 in Resources */,
				D6E0771522AE31CC00CC44BA /* RMHomeCardView.xib in Resources */,
				D6BF5CE422ADF6600036EA75 /* aiqinggongyu.mp4 in Resources */,
				D6696FE222B9F10600942DFB /* RMHomePageDetailHeaderView.xib in Resources */,
				D6696FDD22B9EBF400942DFB /* RMHomePageDetailTableViewCell.xib in Resources */,
				D652276422BB8AEE00C273E1 /* RMVideoPlayViewController.xib in Resources */,
				D687DA632294EDD200A11488 /* LaunchScreen.storyboard in Resources */,
				D687DA602294EDD200A11488 /* Assets.xcassets in Resources */,
				D661306622956697008DA4D8 /* Podfile in Resources */,
				D6CC153F22B387D500D80A02 /* RMHomePageDetailViewController.xib in Resources */,
				D6BF5CE222A910220036EA75 /* RMHomePageViewController.xib in Resources */,
				D6BF467622969DEB00C82D98 /* LoginAndRegisterViewController.xib in Resources */,
				D687DA5E2294EDCE00A11488 /* Main.storyboard in Resources */,
				D6E0771822AF932400CC44BA /* test1.png in Resources */,
			);
			runOnlyForDeploymentPostprocessing = 0;
		};
		D687DA692294EDD200A11488 /* Resources */ = {
			isa = PBXResourcesBuildPhase;
			buildActionMask = 2147483647;
			files = (
			);
			runOnlyForDeploymentPostprocessing = 0;
		};
		D687DA742294EDD200A11488 /* Resources */ = {
			isa = PBXResourcesBuildPhase;
			buildActionMask = 2147483647;
			files = (
			);
			runOnlyForDeploymentPostprocessing = 0;
		};
/* End PBXResourcesBuildPhase section */

/* Begin PBXShellScriptBuildPhase section */
		1CA7DF259AEED1356BEFD520 /* [CP] Copy Pods Resources */ = {
			isa = PBXShellScriptBuildPhase;
			buildActionMask = 2147483647;
			files = (
			);
			inputFileListPaths = (
			);
			inputPaths = (
				"${PODS_ROOT}/Target Support Files/Pods-realMatch-OC/Pods-realMatch-OC-resources.sh",
				"${PODS_ROOT}/AccountKit/AccountKitStrings.bundle",
				"${PODS_ROOT}/GPUImage/framework/Resources/lookup.png",
				"${PODS_ROOT}/GPUImage/framework/Resources/lookup_amatorka.png",
				"${PODS_ROOT}/GPUImage/framework/Resources/lookup_miss_etikate.png",
				"${PODS_ROOT}/GPUImage/framework/Resources/lookup_soft_elegance_1.png",
				"${PODS_ROOT}/GPUImage/framework/Resources/lookup_soft_elegance_2.png",
				"${PODS_ROOT}/SVProgressHUD/SVProgressHUD/SVProgressHUD.bundle",
			);
			name = "[CP] Copy Pods Resources";
			outputFileListPaths = (
			);
			outputPaths = (
				"${TARGET_BUILD_DIR}/${UNLOCALIZED_RESOURCES_FOLDER_PATH}/AccountKitStrings.bundle",
				"${TARGET_BUILD_DIR}/${UNLOCALIZED_RESOURCES_FOLDER_PATH}/lookup.png",
				"${TARGET_BUILD_DIR}/${UNLOCALIZED_RESOURCES_FOLDER_PATH}/lookup_amatorka.png",
				"${TARGET_BUILD_DIR}/${UNLOCALIZED_RESOURCES_FOLDER_PATH}/lookup_miss_etikate.png",
				"${TARGET_BUILD_DIR}/${UNLOCALIZED_RESOURCES_FOLDER_PATH}/lookup_soft_elegance_1.png",
				"${TARGET_BUILD_DIR}/${UNLOCALIZED_RESOURCES_FOLDER_PATH}/lookup_soft_elegance_2.png",
				"${TARGET_BUILD_DIR}/${UNLOCALIZED_RESOURCES_FOLDER_PATH}/SVProgressHUD.bundle",
			);
			runOnlyForDeploymentPostprocessing = 0;
			shellPath = /bin/sh;
			shellScript = "\"${PODS_ROOT}/Target Support Files/Pods-realMatch-OC/Pods-realMatch-OC-resources.sh\"\n";
			showEnvVarsInLog = 0;
		};
		B4425E94AB89BBC94ADAA312 /* [CP] Check Pods Manifest.lock */ = {
			isa = PBXShellScriptBuildPhase;
			buildActionMask = 2147483647;
			files = (
			);
			inputFileListPaths = (
			);
			inputPaths = (
				"${PODS_PODFILE_DIR_PATH}/Podfile.lock",
				"${PODS_ROOT}/Manifest.lock",
			);
			name = "[CP] Check Pods Manifest.lock";
			outputFileListPaths = (
			);
			outputPaths = (
				"$(DERIVED_FILE_DIR)/Pods-realMatch-OC-checkManifestLockResult.txt",
			);
			runOnlyForDeploymentPostprocessing = 0;
			shellPath = /bin/sh;
			shellScript = "diff \"${PODS_PODFILE_DIR_PATH}/Podfile.lock\" \"${PODS_ROOT}/Manifest.lock\" > /dev/null\nif [ $? != 0 ] ; then\n    # print error to STDERR\n    echo \"error: The sandbox is not in sync with the Podfile.lock. Run 'pod install' or update your CocoaPods installation.\" >&2\n    exit 1\nfi\n# This output is used by Xcode 'outputs' to avoid re-running this script phase.\necho \"SUCCESS\" > \"${SCRIPT_OUTPUT_FILE_0}\"\n";
			showEnvVarsInLog = 0;
		};
/* End PBXShellScriptBuildPhase section */

/* Begin PBXSourcesBuildPhase section */
		D687DA4F2294EDCE00A11488 /* Sources */ = {
			isa = PBXSourcesBuildPhase;
			buildActionMask = 2147483647;
			files = (
				D665EC6022A7EF92003FB7B8 /* GPUImageBeautifyFilter.m in Sources */,
				D6BF5CE122A910220036EA75 /* RMHomePageViewController.m in Sources */,
				D659140622B781620098F458 /* RMNetworkResponse.m in Sources */,
				D687DA5B2294EDCE00A11488 /* ViewController.m in Sources */,
				D687DA662294EDD200A11488 /* main.m in Sources */,
				D6CC153E22B387D500D80A02 /* RMHomePageDetailViewController.m in Sources */,
				D665EC6322A8BD7C003FB7B8 /* UIColor+RealMatch.m in Sources */,
				D6E0771322AE31B900CC44BA /* RMHomeCardView.m in Sources */,
				D659140C22B794810098F458 /* RMBaseModel.m in Sources */,
				D6696FE022B9EF8A00942DFB /* RMHomePageDetailHeaderView.m in Sources */,
				D6696FDC22B9EBF400942DFB /* RMHomePageDetailTableViewCell.m in Sources */,
				D6BF5CDD22A8F5B80036EA75 /* RMFileManager.m in Sources */,
				D607117722A6715400412F72 /* UIView+RealMatch.m in Sources */,
				D665EC5D22A79D36003FB7B8 /* UIDevice+RealMatch.m in Sources */,
				D6BF467522969DEB00C82D98 /* LoginAndRegisterViewController.m in Sources */,
				D652276322BB8AEE00C273E1 /* RMVideoPlayViewController.m in Sources */,
				D659140922B793E50098F458 /* RMFetchDetailModel.m in Sources */,
				D6696FE622BA0F6E00942DFB /* RMTableViewModel.m in Sources */,
				D6BF467F2296CDE500C82D98 /* Router+AccountKit.m in Sources */,
				D669714B229BBFF3008E3968 /* PurchaseManager.m in Sources */,
				D659140322B76D6C0098F458 /* RMFetchDetailAPI.m in Sources */,
				D687DA582294EDCE00A11488 /* AppDelegate.m in Sources */,
				D6CC154322B39BA000D80A02 /* RMNetworkManager.m in Sources */,
				D67665D422A50FD8009C9C6A /* RMCaptureViewController.m in Sources */,
				D652275F22BB806B00C273E1 /* RMPlayer.swift in Sources */,
				D6BF467B2296A6DE00C82D98 /* Router.m in Sources */,
			);
			runOnlyForDeploymentPostprocessing = 0;
		};
		D687DA672294EDD200A11488 /* Sources */ = {
			isa = PBXSourcesBuildPhase;
			buildActionMask = 2147483647;
			files = (
				D687DA702294EDD200A11488 /* realMatch_OCTests.m in Sources */,
			);
			runOnlyForDeploymentPostprocessing = 0;
		};
		D687DA722294EDD200A11488 /* Sources */ = {
			isa = PBXSourcesBuildPhase;
			buildActionMask = 2147483647;
			files = (
				D687DA7B2294EDD200A11488 /* realMatch_OCUITests.m in Sources */,
			);
			runOnlyForDeploymentPostprocessing = 0;
		};
/* End PBXSourcesBuildPhase section */

/* Begin PBXTargetDependency section */
		D687DA6D2294EDD200A11488 /* PBXTargetDependency */ = {
			isa = PBXTargetDependency;
			target = D687DA522294EDCE00A11488 /* realMatch-OC */;
			targetProxy = D687DA6C2294EDD200A11488 /* PBXContainerItemProxy */;
		};
		D687DA782294EDD200A11488 /* PBXTargetDependency */ = {
			isa = PBXTargetDependency;
			target = D687DA522294EDCE00A11488 /* realMatch-OC */;
			targetProxy = D687DA772294EDD200A11488 /* PBXContainerItemProxy */;
		};
/* End PBXTargetDependency section */

/* Begin PBXVariantGroup section */
		D687DA5C2294EDCE00A11488 /* Main.storyboard */ = {
			isa = PBXVariantGroup;
			children = (
				D687DA5D2294EDCE00A11488 /* Base */,
			);
			name = Main.storyboard;
			sourceTree = "<group>";
		};
		D687DA612294EDD200A11488 /* LaunchScreen.storyboard */ = {
			isa = PBXVariantGroup;
			children = (
				D687DA622294EDD200A11488 /* Base */,
			);
			name = LaunchScreen.storyboard;
			sourceTree = "<group>";
		};
/* End PBXVariantGroup section */

/* Begin XCBuildConfiguration section */
		D687DA7D2294EDD200A11488 /* Debug */ = {
			isa = XCBuildConfiguration;
			buildSettings = {
				ALWAYS_SEARCH_USER_PATHS = NO;
				CLANG_ANALYZER_NONNULL = YES;
				CLANG_ANALYZER_NUMBER_OBJECT_CONVERSION = YES_AGGRESSIVE;
				CLANG_CXX_LANGUAGE_STANDARD = "gnu++14";
				CLANG_CXX_LIBRARY = "libc++";
				CLANG_ENABLE_MODULES = YES;
				CLANG_ENABLE_OBJC_ARC = YES;
				CLANG_ENABLE_OBJC_WEAK = YES;
				CLANG_WARN_BLOCK_CAPTURE_AUTORELEASING = YES;
				CLANG_WARN_BOOL_CONVERSION = YES;
				CLANG_WARN_COMMA = YES;
				CLANG_WARN_CONSTANT_CONVERSION = YES;
				CLANG_WARN_DEPRECATED_OBJC_IMPLEMENTATIONS = YES;
				CLANG_WARN_DIRECT_OBJC_ISA_USAGE = YES_ERROR;
				CLANG_WARN_DOCUMENTATION_COMMENTS = YES;
				CLANG_WARN_EMPTY_BODY = YES;
				CLANG_WARN_ENUM_CONVERSION = YES;
				CLANG_WARN_INFINITE_RECURSION = YES;
				CLANG_WARN_INT_CONVERSION = YES;
				CLANG_WARN_NON_LITERAL_NULL_CONVERSION = YES;
				CLANG_WARN_OBJC_IMPLICIT_RETAIN_SELF = YES;
				CLANG_WARN_OBJC_LITERAL_CONVERSION = YES;
				CLANG_WARN_OBJC_ROOT_CLASS = YES_ERROR;
				CLANG_WARN_RANGE_LOOP_ANALYSIS = YES;
				CLANG_WARN_STRICT_PROTOTYPES = YES;
				CLANG_WARN_SUSPICIOUS_MOVE = YES;
				CLANG_WARN_UNGUARDED_AVAILABILITY = YES_AGGRESSIVE;
				CLANG_WARN_UNREACHABLE_CODE = YES;
				CLANG_WARN__DUPLICATE_METHOD_MATCH = YES;
				CODE_SIGN_IDENTITY = "iPhone Developer";
				COPY_PHASE_STRIP = NO;
				DEBUG_INFORMATION_FORMAT = dwarf;
				ENABLE_STRICT_OBJC_MSGSEND = YES;
				ENABLE_TESTABILITY = YES;
				GCC_C_LANGUAGE_STANDARD = gnu11;
				GCC_DYNAMIC_NO_PIC = NO;
				GCC_NO_COMMON_BLOCKS = YES;
				GCC_OPTIMIZATION_LEVEL = 0;
				GCC_PREPROCESSOR_DEFINITIONS = (
					"DEBUG=1",
					"$(inherited)",
				);
				GCC_WARN_64_TO_32_BIT_CONVERSION = YES;
				GCC_WARN_ABOUT_RETURN_TYPE = YES_ERROR;
				GCC_WARN_UNDECLARED_SELECTOR = YES;
				GCC_WARN_UNINITIALIZED_AUTOS = YES_AGGRESSIVE;
				GCC_WARN_UNUSED_FUNCTION = YES;
				GCC_WARN_UNUSED_VARIABLE = YES;
				IPHONEOS_DEPLOYMENT_TARGET = 12.2;
				MTL_ENABLE_DEBUG_INFO = INCLUDE_SOURCE;
				MTL_FAST_MATH = YES;
				ONLY_ACTIVE_ARCH = YES;
				SDKROOT = iphoneos;
			};
			name = Debug;
		};
		D687DA7E2294EDD200A11488 /* Release */ = {
			isa = XCBuildConfiguration;
			buildSettings = {
				ALWAYS_SEARCH_USER_PATHS = NO;
				CLANG_ANALYZER_NONNULL = YES;
				CLANG_ANALYZER_NUMBER_OBJECT_CONVERSION = YES_AGGRESSIVE;
				CLANG_CXX_LANGUAGE_STANDARD = "gnu++14";
				CLANG_CXX_LIBRARY = "libc++";
				CLANG_ENABLE_MODULES = YES;
				CLANG_ENABLE_OBJC_ARC = YES;
				CLANG_ENABLE_OBJC_WEAK = YES;
				CLANG_WARN_BLOCK_CAPTURE_AUTORELEASING = YES;
				CLANG_WARN_BOOL_CONVERSION = YES;
				CLANG_WARN_COMMA = YES;
				CLANG_WARN_CONSTANT_CONVERSION = YES;
				CLANG_WARN_DEPRECATED_OBJC_IMPLEMENTATIONS = YES;
				CLANG_WARN_DIRECT_OBJC_ISA_USAGE = YES_ERROR;
				CLANG_WARN_DOCUMENTATION_COMMENTS = YES;
				CLANG_WARN_EMPTY_BODY = YES;
				CLANG_WARN_ENUM_CONVERSION = YES;
				CLANG_WARN_INFINITE_RECURSION = YES;
				CLANG_WARN_INT_CONVERSION = YES;
				CLANG_WARN_NON_LITERAL_NULL_CONVERSION = YES;
				CLANG_WARN_OBJC_IMPLICIT_RETAIN_SELF = YES;
				CLANG_WARN_OBJC_LITERAL_CONVERSION = YES;
				CLANG_WARN_OBJC_ROOT_CLASS = YES_ERROR;
				CLANG_WARN_RANGE_LOOP_ANALYSIS = YES;
				CLANG_WARN_STRICT_PROTOTYPES = YES;
				CLANG_WARN_SUSPICIOUS_MOVE = YES;
				CLANG_WARN_UNGUARDED_AVAILABILITY = YES_AGGRESSIVE;
				CLANG_WARN_UNREACHABLE_CODE = YES;
				CLANG_WARN__DUPLICATE_METHOD_MATCH = YES;
				CODE_SIGN_IDENTITY = "iPhone Developer";
				COPY_PHASE_STRIP = NO;
				DEBUG_INFORMATION_FORMAT = "dwarf-with-dsym";
				ENABLE_NS_ASSERTIONS = NO;
				ENABLE_STRICT_OBJC_MSGSEND = YES;
				GCC_C_LANGUAGE_STANDARD = gnu11;
				GCC_NO_COMMON_BLOCKS = YES;
				GCC_WARN_64_TO_32_BIT_CONVERSION = YES;
				GCC_WARN_ABOUT_RETURN_TYPE = YES_ERROR;
				GCC_WARN_UNDECLARED_SELECTOR = YES;
				GCC_WARN_UNINITIALIZED_AUTOS = YES_AGGRESSIVE;
				GCC_WARN_UNUSED_FUNCTION = YES;
				GCC_WARN_UNUSED_VARIABLE = YES;
				IPHONEOS_DEPLOYMENT_TARGET = 12.2;
				MTL_ENABLE_DEBUG_INFO = NO;
				MTL_FAST_MATH = YES;
				SDKROOT = iphoneos;
				VALIDATE_PRODUCT = YES;
			};
			name = Release;
		};
		D687DA802294EDD200A11488 /* Debug */ = {
			isa = XCBuildConfiguration;
			baseConfigurationReference = D0116FF275BEF202714594EA /* Pods-realMatch-OC.debug.xcconfig */;
			buildSettings = {
				ALWAYS_EMBED_SWIFT_STANDARD_LIBRARIES = YES;
				ASSETCATALOG_COMPILER_APPICON_NAME = AppIcon;
				CLANG_ENABLE_MODULES = YES;
				CODE_SIGN_ENTITLEMENTS = "realMatch-OC/realMatch-OC.entitlements";
				CODE_SIGN_STYLE = Automatic;
				DEVELOPMENT_TEAM = 38KCJNXX83;
				HEADER_SEARCH_PATHS = (
					"$(inherited)",
					"\"${PODS_ROOT}/Headers/Public\"",
					"\"${PODS_ROOT}/Headers/Public/AFNetworking\"",
					"\"${PODS_ROOT}/Headers/Public/SVProgressHUD\"",
					"\"$(SOURCE_ROOT)/PromiseKit\"/**",
				);
				INFOPLIST_FILE = "realMatch-OC/Info.plist";
				IPHONEOS_DEPLOYMENT_TARGET = 10.0;
				LD_RUNPATH_SEARCH_PATHS = (
					"$(inherited)",
					"@executable_path/Frameworks",
				);
				PRODUCT_BUNDLE_IDENTIFIER = com.arceushs.MeetYou;
				PRODUCT_NAME = "$(TARGET_NAME)";
				SWIFT_OBJC_BRIDGING_HEADER = "realMatch-OC-Bridging-Header.h";
				SWIFT_OPTIMIZATION_LEVEL = "-Onone";
				SWIFT_VERSION = 4.3;
				TARGETED_DEVICE_FAMILY = 1;
				WARNING_CFLAGS = "-Wno-nullability-completeness";
			};
			name = Debug;
		};
		D687DA812294EDD200A11488 /* Release */ = {
			isa = XCBuildConfiguration;
			baseConfigurationReference = 91FA9F1266B2D253DA24B413 /* Pods-realMatch-OC.release.xcconfig */;
			buildSettings = {
				ALWAYS_EMBED_SWIFT_STANDARD_LIBRARIES = YES;
				ASSETCATALOG_COMPILER_APPICON_NAME = AppIcon;
				CLANG_ENABLE_MODULES = YES;
				CODE_SIGN_ENTITLEMENTS = "realMatch-OC/realMatch-OC.entitlements";
				CODE_SIGN_STYLE = Automatic;
				DEVELOPMENT_TEAM = 38KCJNXX83;
				HEADER_SEARCH_PATHS = (
					"$(inherited)",
					"\"${PODS_ROOT}/Headers/Public\"",
					"\"${PODS_ROOT}/Headers/Public/AFNetworking\"",
					"\"${PODS_ROOT}/Headers/Public/SVProgressHUD\"",
					"\"$(SOURCE_ROOT)/PromiseKit\"/**",
				);
				INFOPLIST_FILE = "realMatch-OC/Info.plist";
				IPHONEOS_DEPLOYMENT_TARGET = 10.0;
				LD_RUNPATH_SEARCH_PATHS = (
					"$(inherited)",
					"@executable_path/Frameworks",
				);
				PRODUCT_BUNDLE_IDENTIFIER = com.arceushs.MeetYou;
				PRODUCT_NAME = "$(TARGET_NAME)";
				SWIFT_OBJC_BRIDGING_HEADER = "realMatch-OC-Bridging-Header.h";
				SWIFT_VERSION = 4.3;
				TARGETED_DEVICE_FAMILY = 1;
				WARNING_CFLAGS = "-Wno-nullability-completeness";
			};
			name = Release;
		};
		D687DA832294EDD200A11488 /* Debug */ = {
			isa = XCBuildConfiguration;
			buildSettings = {
				ALWAYS_EMBED_SWIFT_STANDARD_LIBRARIES = YES;
				BUNDLE_LOADER = "$(TEST_HOST)";
				CODE_SIGN_STYLE = Automatic;
				DEVELOPMENT_TEAM = ER8D46T4W6;
				INFOPLIST_FILE = "realMatch-OCTests/Info.plist";
				LD_RUNPATH_SEARCH_PATHS = (
					"$(inherited)",
					"@executable_path/Frameworks",
					"@loader_path/Frameworks",
				);
				PRODUCT_BUNDLE_IDENTIFIER = "com.qingting.realMatch-OCTests";
				PRODUCT_NAME = "$(TARGET_NAME)";
				TARGETED_DEVICE_FAMILY = "1,2";
				TEST_HOST = "$(BUILT_PRODUCTS_DIR)/realMatch-OC.app/realMatch-OC";
			};
			name = Debug;
		};
		D687DA842294EDD200A11488 /* Release */ = {
			isa = XCBuildConfiguration;
			buildSettings = {
				ALWAYS_EMBED_SWIFT_STANDARD_LIBRARIES = YES;
				BUNDLE_LOADER = "$(TEST_HOST)";
				CODE_SIGN_STYLE = Automatic;
				DEVELOPMENT_TEAM = ER8D46T4W6;
				INFOPLIST_FILE = "realMatch-OCTests/Info.plist";
				LD_RUNPATH_SEARCH_PATHS = (
					"$(inherited)",
					"@executable_path/Frameworks",
					"@loader_path/Frameworks",
				);
				PRODUCT_BUNDLE_IDENTIFIER = "com.qingting.realMatch-OCTests";
				PRODUCT_NAME = "$(TARGET_NAME)";
				TARGETED_DEVICE_FAMILY = "1,2";
				TEST_HOST = "$(BUILT_PRODUCTS_DIR)/realMatch-OC.app/realMatch-OC";
			};
			name = Release;
		};
		D687DA862294EDD200A11488 /* Debug */ = {
			isa = XCBuildConfiguration;
			buildSettings = {
				ALWAYS_EMBED_SWIFT_STANDARD_LIBRARIES = YES;
				CODE_SIGN_STYLE = Automatic;
				DEVELOPMENT_TEAM = ER8D46T4W6;
				INFOPLIST_FILE = "realMatch-OCUITests/Info.plist";
				LD_RUNPATH_SEARCH_PATHS = (
					"$(inherited)",
					"@executable_path/Frameworks",
					"@loader_path/Frameworks",
				);
				PRODUCT_BUNDLE_IDENTIFIER = "com.qingting.realMatch-OCUITests";
				PRODUCT_NAME = "$(TARGET_NAME)";
				TARGETED_DEVICE_FAMILY = "1,2";
				TEST_TARGET_NAME = "realMatch-OC";
			};
			name = Debug;
		};
		D687DA872294EDD200A11488 /* Release */ = {
			isa = XCBuildConfiguration;
			buildSettings = {
				ALWAYS_EMBED_SWIFT_STANDARD_LIBRARIES = YES;
				CODE_SIGN_STYLE = Automatic;
				DEVELOPMENT_TEAM = ER8D46T4W6;
				INFOPLIST_FILE = "realMatch-OCUITests/Info.plist";
				LD_RUNPATH_SEARCH_PATHS = (
					"$(inherited)",
					"@executable_path/Frameworks",
					"@loader_path/Frameworks",
				);
				PRODUCT_BUNDLE_IDENTIFIER = "com.qingting.realMatch-OCUITests";
				PRODUCT_NAME = "$(TARGET_NAME)";
				TARGETED_DEVICE_FAMILY = "1,2";
				TEST_TARGET_NAME = "realMatch-OC";
			};
			name = Release;
		};
/* End XCBuildConfiguration section */

/* Begin XCConfigurationList section */
		D687DA4E2294EDCE00A11488 /* Build configuration list for PBXProject "realMatch-OC" */ = {
			isa = XCConfigurationList;
			buildConfigurations = (
				D687DA7D2294EDD200A11488 /* Debug */,
				D687DA7E2294EDD200A11488 /* Release */,
			);
			defaultConfigurationIsVisible = 0;
			defaultConfigurationName = Release;
		};
		D687DA7F2294EDD200A11488 /* Build configuration list for PBXNativeTarget "realMatch-OC" */ = {
			isa = XCConfigurationList;
			buildConfigurations = (
				D687DA802294EDD200A11488 /* Debug */,
				D687DA812294EDD200A11488 /* Release */,
			);
			defaultConfigurationIsVisible = 0;
			defaultConfigurationName = Release;
		};
		D687DA822294EDD200A11488 /* Build configuration list for PBXNativeTarget "realMatch-OCTests" */ = {
			isa = XCConfigurationList;
			buildConfigurations = (
				D687DA832294EDD200A11488 /* Debug */,
				D687DA842294EDD200A11488 /* Release */,
			);
			defaultConfigurationIsVisible = 0;
			defaultConfigurationName = Release;
		};
		D687DA852294EDD200A11488 /* Build configuration list for PBXNativeTarget "realMatch-OCUITests" */ = {
			isa = XCConfigurationList;
			buildConfigurations = (
				D687DA862294EDD200A11488 /* Debug */,
				D687DA872294EDD200A11488 /* Release */,
			);
			defaultConfigurationIsVisible = 0;
			defaultConfigurationName = Release;
		};
/* End XCConfigurationList section */
	};
	rootObject = D687DA4B2294EDCE00A11488 /* Project object */;
}
